
Microsoft Visual Studio Solution File, Format Version 12.00
# Visual Studio Version 16
VisualStudioVersion = 16.0.31410.357
MinimumVisualStudioVersion = 10.0.40219.1
Project("{9A19103F-16F7-4668-BE54-9A1E7A4F7556}") = "HealthPointsSystem", "Lesson1\HealthPointsSystem.csproj", "{3B6105B4-F791-4E8E-A61B-CBE0126FCE7A}"
EndProject
Project("{FAE04EC0-301F-11D3-BF4B-00C04F79EFBC}") = "GachiConsole", "GachiConsole\GachiConsole.csproj", "{EFE6340A-DA03-48A6-B87B-2DD7C7D860B0}"
EndProject
Global
	GlobalSection(SolutionConfigurationPlatforms) = preSolution
		Debug|Any CPU = Debug|Any CPU
		Release|Any CPU = Release|Any CPU
	EndGlobalSection
	GlobalSection(ProjectConfigurationPlatforms) = postSolution
		{3B6105B4-F791-4E8E-A61B-CBE0126FCE7A}.Debug|Any CPU.ActiveCfg = Debug|Any CPU
		{3B6105B4-F791-4E8E-A61B-CBE0126FCE7A}.Debug|Any CPU.Build.0 = Debug|Any CPU
		{3B6105B4-F791-4E8E-A61B-CBE0126FCE7A}.Release|Any CPU.ActiveCfg = Release|Any CPU
		{3B6105B4-F791-4E8E-A61B-CBE0126FCE7A}.Release|Any CPU.Build.0 = Release|Any CPU
		{EFE6340A-DA03-48A6-B87B-2DD7C7D860B0}.Debug|Any CPU.ActiveCfg = Debug|Any CPU
		{EFE6340A-DA03-48A6-B87B-2DD7C7D860B0}.Debug|Any CPU.Build.0 = Debug|Any CPU
		{EFE6340A-DA03-48A6-B87B-2DD7C7D860B0}.Release|Any CPU.ActiveCfg = Release|Any CPU
		{EFE6340A-DA03-48A6-B87B-2DD7C7D860B0}.Release|Any CPU.Build.0 = Release|Any CPU
	EndGlobalSection
	GlobalSection(SolutionProperties) = preSolution
		HideSolutionNode = FALSE
	EndGlobalSection
	GlobalSection(ExtensibilityGlobals) = postSolution
		SolutionGuid = {122DDD8A-CBCF-47A0-81B8-25B439242F81}
	EndGlobalSection
EndGlobal
